<?xml version="1.0" encoding="utf-8"?>
<Project ToolsVersion="4.0" xmlns="http://schemas.microsoft.com/developer/msbuild/2003">
  <ItemGroup>
    <Filter Include="源文件">
      <UniqueIdentifier>{4FC737F1-C7A5-4376-A066-2A32D752A2FF}</UniqueIdentifier>
      <Extensions>cpp;c;cc;cxx;c++;cppm;ixx;def;odl;idl;hpj;bat;asm;asmx</Extensions>
    </Filter>
    <Filter Include="头文件">
      <UniqueIdentifier>{93995380-89BD-4b04-88EB-625FBE52EBFB}</UniqueIdentifier>
      <Extensions>h;hh;hpp;hxx;h++;hm;inl;inc;ipp;xsd</Extensions>
    </Filter>
    <Filter Include="资源文件">
      <UniqueIdentifier>{67DA6AB6-F800-4c08-8B7A-83BB121AAD01}</UniqueIdentifier>
      <Extensions>rc;ico;cur;bmp;dlg;rc2;rct;bin;rgs;gif;jpg;jpeg;jpe;resx;tiff;tif;png;wav;mfcribbon-ms</Extensions>
    </Filter>
    <Filter Include="src">
      <UniqueIdentifier>{ce203883-b920-4e7f-bf7f-28c047fda125}</UniqueIdentifier>
    </Filter>
  </ItemGroup>
  <ItemGroup>
    <ClInclude Include="targetver.h">
      <Filter>头文件</Filter>
    </ClInclude>
    <ClInclude Include="..\src\bm.h">
      <Filter>src</Filter>
    </ClInclude>
    <ClInclude Include="..\src\cat.h">
      <Filter>src</Filter>
    </ClInclude>
    <ClInclude Include="..\src\cm.h">
      <Filter>src</Filter>
    </ClInclude>
    <ClInclude Include="..\src\defs.h">
      <Filter>src</Filter>
    </ClInclude>
    <ClInclude Include="..\src\global.h">
      <Filter>src</Filter>
    </ClInclude>
    <ClInclude Include="..\src\item.h">
      <Filter>src</Filter>
    </ClInclude>
    <ClInclude Include="..\src\logop.h">
      <Filter>src</Filter>
    </ClInclude>
    <ClInclude Include="..\src\op.h">
      <Filter>src</Filter>
    </ClInclude>
    <ClInclude Include="..\src\physop.h">
      <Filter>src</Filter>
    </ClInclude>
    <ClInclude Include="..\src\query.h">
      <Filter>src</Filter>
    </ClInclude>
    <ClInclude Include="..\src\resource.h">
      <Filter>src</Filter>
    </ClInclude>
    <ClInclude Include="..\src\rules.h">
      <Filter>src</Filter>
    </ClInclude>
    <ClInclude Include="..\src\ssp.h">
      <Filter>src</Filter>
    </ClInclude>
    <ClInclude Include="..\src\stdafx.h">
      <Filter>src</Filter>
    </ClInclude>
    <ClInclude Include="..\src\supp.h">
      <Filter>src</Filter>
    </ClInclude>
    <ClInclude Include="..\src\tasks.h">
      <Filter>src</Filter>
    </ClInclude>
    <ClInclude Include="..\src\wcol.h">
      <Filter>src</Filter>
    </ClInclude>
  </ItemGroup>
  <ItemGroup>
    <ClCompile Include="..\src\bm.cpp">
      <Filter>src</Filter>
    </ClCompile>
    <ClCompile Include="..\src\cat.cpp">
      <Filter>src</Filter>
    </ClCompile>
    <ClCompile Include="..\src\cm.cpp">
      <Filter>src</Filter>
    </ClCompile>
    <ClCompile Include="..\src\expr.cpp">
      <Filter>src</Filter>
    </ClCompile>
    <ClCompile Include="..\src\group.cpp">
      <Filter>src</Filter>
    </ClCompile>
    <ClCompile Include="..\src\item.cpp">
      <Filter>src</Filter>
    </ClCompile>
    <ClCompile Include="..\src\logop.cpp">
      <Filter>src</Filter>
    </ClCompile>
    <ClCompile Include="..\src\main.cpp">
      <Filter>src</Filter>
    </ClCompile>
    <ClCompile Include="..\src\mexpr.cpp">
      <Filter>src</Filter>
    </ClCompile>
    <ClCompile Include="..\src\physop.cpp">
      <Filter>src</Filter>
    </ClCompile>
    <ClCompile Include="..\src\query.cpp">
      <Filter>src</Filter>
    </ClCompile>
    <ClCompile Include="..\src\rules.cpp">
      <Filter>src</Filter>
    </ClCompile>
    <ClCompile Include="..\src\ssp.cpp">
      <Filter>src</Filter>
    </ClCompile>
    <ClCompile Include="..\src\stdafx.cpp">
      <Filter>src</Filter>
    </ClCompile>
    <ClCompile Include="..\src\supp.cpp">
      <Filter>src</Filter>
    </ClCompile>
    <ClCompile Include="..\src\tasks.cpp">
      <Filter>src</Filter>
    </ClCompile>
    <ClCompile Include="..\src\wcol.cpp">
      <Filter>src</Filter>
    </ClCompile>
  </ItemGroup>
  <ItemGroup>
    <ResourceCompile Include="cascades.rc">
      <Filter>资源文件</Filter>
    </ResourceCompile>
  </ItemGroup>
  <ItemGroup>
    <None Include="res\cascades.rc2">
      <Filter>资源文件</Filter>
    </None>
  </ItemGroup>
  <ItemGroup>
    <Image Include="res\cascades.ico">
      <Filter>资源文件</Filter>
    </Image>
    <Image Include="res\Toolbar.bmp">
      <Filter>资源文件</Filter>
    </Image>
  </ItemGroup>
</Project>